
Microsoft Visual Studio Solution File, Format Version 12.00
# Visual Studio Version 16
VisualStudioVersion = 16.0.32002.261
MinimumVisualStudioVersion = 10.0.40219.1
Project("{FAE04EC0-301F-11D3-BF4B-00C04F79EFBC}") = "WinUI", "WinUI\WinUI.csproj", "{9C978356-B9F2-4A36-8BA6-635C8975673B}"
EndProject
Global
	GlobalSection(SolutionConfigurationPlatforms) = preSolution
		Debug|Any CPU = Debug|Any CPU
		Release|Any CPU = Release|Any CPU
	EndGlobalSection
	GlobalSection(ProjectConfigurationPlatforms) = postSolution
		{9C978356-B9F2-4A36-8BA6-635C8975673B}.Debug|Any CPU.ActiveCfg = Debug|Any CPU
		{9C978356-B9F2-4A36-8BA6-635C8975673B}.Debug|Any CPU.Build.0 = Debug|Any CPU
		{9C978356-B9F2-4A36-8BA6-635C8975673B}.Release|Any CPU.ActiveCfg = Release|Any CPU
		{9C978356-B9F2-4A36-8BA6-635C8975673B}.Release|Any CPU.Build.0 = Release|Any CPU
	EndGlobalSection
	GlobalSection(SolutionProperties) = preSolution
		HideSolutionNode = FALSE
	EndGlobalSection
	GlobalSection(ExtensibilityGlobals) = postSolution
		SolutionGuid = {7537569B-46FE-4ADC-9EC5-DCF70FC94824}
	EndGlobalSection
EndGlobal
